
Microsoft Visual Studio Solution File, Format Version 12.00
# Visual Studio Version 17
VisualStudioVersion = 17.0.31903.59
MinimumVisualStudioVersion = 10.0.40219.1
Project("{FAE04EC0-301F-11D3-BF4B-00C04F79EFBC}") = "view", "view\view.csproj", "{CAE1451D-6055-42DA-8C42-F91506D0AC76}"
EndProject
Project("{FAE04EC0-301F-11D3-BF4B-00C04F79EFBC}") = "DespachoContable", "DespachoContable\DespachoContable.csproj", "{9FB66CCE-64DE-4408-A3B7-5F870407A559}"
EndProject
Global
	GlobalSection(SolutionConfigurationPlatforms) = preSolution
		Debug|Any CPU = Debug|Any CPU
		Release|Any CPU = Release|Any CPU
	EndGlobalSection
	GlobalSection(SolutionProperties) = preSolution
		HideSolutionNode = FALSE
	EndGlobalSection
	GlobalSection(ProjectConfigurationPlatforms) = postSolution
		{CAE1451D-6055-42DA-8C42-F91506D0AC76}.Debug|Any CPU.ActiveCfg = Debug|Any CPU
		{CAE1451D-6055-42DA-8C42-F91506D0AC76}.Debug|Any CPU.Build.0 = Debug|Any CPU
		{CAE1451D-6055-42DA-8C42-F91506D0AC76}.Release|Any CPU.ActiveCfg = Release|Any CPU
		{CAE1451D-6055-42DA-8C42-F91506D0AC76}.Release|Any CPU.Build.0 = Release|Any CPU
		{9FB66CCE-64DE-4408-A3B7-5F870407A559}.Debug|Any CPU.ActiveCfg = Debug|Any CPU
		{9FB66CCE-64DE-4408-A3B7-5F870407A559}.Debug|Any CPU.Build.0 = Debug|Any CPU
		{9FB66CCE-64DE-4408-A3B7-5F870407A559}.Release|Any CPU.ActiveCfg = Release|Any CPU
		{9FB66CCE-64DE-4408-A3B7-5F870407A559}.Release|Any CPU.Build.0 = Release|Any CPU
	EndGlobalSection
EndGlobal
